# This file is autogenerated, do not edit; changes may be undone by the next 'dep ensure'.


[[projects]]
  name = "github.com/Clever/discovery-go"
  packages = ["."]
  revision = "12684ef3012bf55b9827a6e7c96503e37b0d8379"

[[projects]]
  name = "github.com/Clever/pathio"
  packages = ["."]
  revision = "c9ab5faa09d73e85523f3540db96295eef381a91"

[[projects]]
  name = "github.com/Clever/pq"
  packages = ["."]
  revision = "84d549efdf0e2928c2be08bdcc3a1b0cf8ef2f45"

[[projects]]
  name = "github.com/Clever/worker-util"
  packages = ["analyticspipeline"]
  revision = "5c91ea643bff3031a8981da4c7d6aaf7bf5f40ef"
  version = "5.16.1"

[[projects]]
  name = "github.com/DATA-DOG/go-sqlmock"
  packages = ["."]
  revision = "081a694b0af16f86d406ac2832433a98a6fa625a"

[[projects]]
  name = "github.com/aws/aws-sdk-go"
  packages = [
    "aws",
    "aws/awserr",
    "aws/awsutil",
    "aws/client",
    "aws/client/metadata",
    "aws/corehandlers",
    "aws/credentials",
    "aws/credentials/ec2rolecreds",
    "aws/credentials/endpointcreds",
    "aws/credentials/stscreds",
    "aws/defaults",
    "aws/ec2metadata",
    "aws/endpoints",
    "aws/request",
    "aws/session",
    "aws/signer/v4",
    "internal/sdkrand",
    "internal/shareddefaults",
    "private/protocol",
    "private/protocol/query",
    "private/protocol/query/queryutil",
    "private/protocol/rest",
    "private/protocol/restxml",
    "private/protocol/xml/xmlutil",
    "service/s3",
    "service/sts"
  ]
  revision = "63324a33d7e42a386c04d4daec764a3de243492e"
  version = "v1.13.0"

[[projects]]
  name = "github.com/go-ini/ini"
  packages = ["."]
  revision = "32e4c1e6bc4e7d0d8451aa6b75200d19e37a536a"
  version = "v1.32.0"

[[projects]]
  branch = "master"
  name = "github.com/hashicorp/errwrap"
  packages = ["."]
  revision = "7554cd9344cec97297fa6649b055a8c98c2a1e55"

[[projects]]
  name = "github.com/hashicorp/go-multierror"
  packages = ["."]
  revision = "ed905158d87462226a13fe39ddf685ea65f1c11f"

[[projects]]
  name = "github.com/jmespath/go-jmespath"
  packages = ["."]
  revision = "0b12d6b5"

[[projects]]
  name = "github.com/kardianos/osext"
  packages = ["."]
  revision = "c2c54e542fb797ad986b31721e1baedf214ca413"

[[projects]]
  name = "github.com/lib/pq"
  packages = [
    ".",
    "oid"
  ]
  revision = "8ad2b298cadd691a77015666a5372eae5dbfac8f"

[[projects]]
  name = "github.com/segmentio/go-env"
  packages = ["."]
  revision = "7c67b4ee2d8065b4238c1fcc7a520fd0f79feefc"

[[projects]]
  name = "github.com/stretchr/testify"
  packages = ["assert"]
  revision = "b8dc1cecf15bdaf1988d9e87aa7cd98d899a06d6"

[[projects]]
  name = "github.com/xeipuuv/gojsonpointer"
  packages = ["."]
  revision = "e0fe6f68307607d540ed8eac07a342c33fa1b54a"

[[projects]]
  branch = "master"
  name = "github.com/xeipuuv/gojsonreference"
  packages = ["."]
  revision = "e02fc20de94c78484cd5ffb007f8af96be030a45"

[[projects]]
  name = "github.com/xeipuuv/gojsonschema"
  packages = ["."]
  revision = "59f99ebfe5f712a0055e321231fc3be94e4e00b2"

[[projects]]
  name = "gopkg.in/Clever/kayvee-go.v3"
  packages = [
    ".",
    "logger"
  ]
  revision = "d49feee080e8e32e01a5f415cf1f9dc264dfb043"
  version = "v3.0.0"

[[projects]]
  name = "gopkg.in/Clever/kayvee-go.v6"
  packages = [
    ".",
    "logger",
    "router"
  ]
  revision = "fa278c9c7f83580b15c163c1efffe6fb4f2e3989"
  version = "v6.2.0"

[[projects]]
  name = "gopkg.in/yaml.v2"
  packages = ["."]
  revision = "49c95bdc21843256fb6c4e0d370a05f24a0bf213"

[solve-meta]
  analyzer-name = "dep"
  analyzer-version = 1
  inputs-digest = "9da45459351b45143ee8043a30117f6d1abda130b4f188ca66cc59bf416fafec"
  solver-name = "gps-cdcl"
  solver-version = 1
